// !$*UTF8*$!
{
	archiveVersion = 1;
	classes = {
	};
	objectVersion = 56;
	objects = {

/* Begin PBXBuildFile section */
		5D016FC32C900EED0077D9C2 /* MangasListView.swift in Sources */ = {isa = PBXBuildFile; fileRef = 5D016FC22C900EED0077D9C2 /* MangasListView.swift */; };
		5D06CA2C2C90917300BFA696 /* MangaSearchView.swift in Sources */ = {isa = PBXBuildFile; fileRef = 5D06CA2B2C90917300BFA696 /* MangaSearchView.swift */; };
		5D06CA2E2C90BE7600BFA696 /* mangas_search.json in Resources */ = {isa = PBXBuildFile; fileRef = 5D06CA2D2C90BE7600BFA696 /* mangas_search.json */; };
		5D67B1E22C8AEC920088910E /* MangaCellView.swift in Sources */ = {isa = PBXBuildFile; fileRef = 5D67B1E12C8AEC920088910E /* MangaCellView.swift */; };
		5D67B1E42C8AF43D0088910E /* String.swift in Sources */ = {isa = PBXBuildFile; fileRef = 5D67B1E32C8AF43D0088910E /* String.swift */; };
		5D67B1E62C8F13650088910E /* MangaDetailView.swift in Sources */ = {isa = PBXBuildFile; fileRef = 5D67B1E52C8F13650088910E /* MangaDetailView.swift */; };
		5D67BC232C98A5CD001E078C /* SearchHelper.swift in Sources */ = {isa = PBXBuildFile; fileRef = 5D67BC222C98A5CD001E078C /* SearchHelper.swift */; };
		5DA4A91D2C9200A00078B9FB /* SearchTokenEnum.swift in Sources */ = {isa = PBXBuildFile; fileRef = 5DA4A91C2C9200A00078B9FB /* SearchTokenEnum.swift */; };
		5DB544982C9D3AF80016B3E7 /* mangas.json in Resources */ = {isa = PBXBuildFile; fileRef = 5DB544972C9D3AF80016B3E7 /* mangas.json */; };
		5DF0D05B2C89ADC0007A25EB /* Mis_MangasApp.swift in Sources */ = {isa = PBXBuildFile; fileRef = 5DF0D05A2C89ADC0007A25EB /* Mis_MangasApp.swift */; };
		5DF0D05D2C89ADC0007A25EB /* ContentView.swift in Sources */ = {isa = PBXBuildFile; fileRef = 5DF0D05C2C89ADC0007A25EB /* ContentView.swift */; };
		5DF0D05F2C89ADC1007A25EB /* Assets.xcassets in Resources */ = {isa = PBXBuildFile; fileRef = 5DF0D05E2C89ADC1007A25EB /* Assets.xcassets */; };
		5DF0D0622C89ADC1007A25EB /* Preview Assets.xcassets in Resources */ = {isa = PBXBuildFile; fileRef = 5DF0D0612C89ADC1007A25EB /* Preview Assets.xcassets */; };
		5DF0D06C2C89ADC1007A25EB /* Mis_MangasTests.swift in Sources */ = {isa = PBXBuildFile; fileRef = 5DF0D06B2C89ADC1007A25EB /* Mis_MangasTests.swift */; };
		5DF0D0762C89ADC1007A25EB /* Mis_MangasUITests.swift in Sources */ = {isa = PBXBuildFile; fileRef = 5DF0D0752C89ADC1007A25EB /* Mis_MangasUITests.swift */; };
		5DF0D0782C89ADC1007A25EB /* Mis_MangasUITestsLaunchTests.swift in Sources */ = {isa = PBXBuildFile; fileRef = 5DF0D0772C89ADC1007A25EB /* Mis_MangasUITestsLaunchTests.swift */; };
		5DF0D0862C89B74B007A25EB /* Manga.swift in Sources */ = {isa = PBXBuildFile; fileRef = 5DF0D0852C89B74B007A25EB /* Manga.swift */; };
		5DF0D0882C89BF7A007A25EB /* Theme.swift in Sources */ = {isa = PBXBuildFile; fileRef = 5DF0D0872C89BF7A007A25EB /* Theme.swift */; };
		5DF0D08A2C89BF8E007A25EB /* Genre.swift in Sources */ = {isa = PBXBuildFile; fileRef = 5DF0D0892C89BF8E007A25EB /* Genre.swift */; };
		5DF0D08C2C89BF9D007A25EB /* Demographic.swift in Sources */ = {isa = PBXBuildFile; fileRef = 5DF0D08B2C89BF9D007A25EB /* Demographic.swift */; };
		5DF0D08E2C89BFB6007A25EB /* Author.swift in Sources */ = {isa = PBXBuildFile; fileRef = 5DF0D08D2C89BFB6007A25EB /* Author.swift */; };
		5DF0D0942C89C48B007A25EB /* PaginatedResponse.swift in Sources */ = {isa = PBXBuildFile; fileRef = 5DF0D0932C89C48B007A25EB /* PaginatedResponse.swift */; };
		5DF0D0962C89C4AE007A25EB /* Metadata.swift in Sources */ = {isa = PBXBuildFile; fileRef = 5DF0D0952C89C4AE007A25EB /* Metadata.swift */; };
		5DF0D09C2C8A1296007A25EB /* mangas.json in Resources */ = {isa = PBXBuildFile; fileRef = 5DF0D09B2C8A1296007A25EB /* mangas.json */; };
		5DF0D09E2C8A12CC007A25EB /* DataTest.swift in Sources */ = {isa = PBXBuildFile; fileRef = 5DF0D09D2C8A12CC007A25EB /* DataTest.swift */; };
		5DF0D0A32C8A1471007A25EB /* Network.swift in Sources */ = {isa = PBXBuildFile; fileRef = 5DF0D09F2C8A1471007A25EB /* Network.swift */; };
		5DF0D0A42C8A1471007A25EB /* NoConnectionView.swift in Sources */ = {isa = PBXBuildFile; fileRef = 5DF0D0A02C8A1471007A25EB /* NoConnectionView.swift */; };
		5DF0D0A52C8A1471007A25EB /* NetworkError.swift in Sources */ = {isa = PBXBuildFile; fileRef = 5DF0D0A12C8A1471007A25EB /* NetworkError.swift */; };
		5DF0D0A62C8A1471007A25EB /* NetworkStatus.swift in Sources */ = {isa = PBXBuildFile; fileRef = 5DF0D0A22C8A1471007A25EB /* NetworkStatus.swift */; };
		5DF0D0AA2C8A152E007A25EB /* URLRequest.swift in Sources */ = {isa = PBXBuildFile; fileRef = 5DF0D0A72C8A152E007A25EB /* URLRequest.swift */; };
		5DF0D0AB2C8A152E007A25EB /* URL.swift in Sources */ = {isa = PBXBuildFile; fileRef = 5DF0D0A82C8A152E007A25EB /* URL.swift */; };
		5DF0D0AC2C8A152E007A25EB /* URLSession.swift in Sources */ = {isa = PBXBuildFile; fileRef = 5DF0D0A92C8A152E007A25EB /* URLSession.swift */; };
		5DF0D0AF2C8A20A3007A25EB /* MangasViewModel.swift in Sources */ = {isa = PBXBuildFile; fileRef = 5DF0D0AE2C8A20A3007A25EB /* MangasViewModel.swift */; };
		5DF0D0B12C8AC735007A25EB /* ImageInteractor.swift in Sources */ = {isa = PBXBuildFile; fileRef = 5DF0D0B02C8AC735007A25EB /* ImageInteractor.swift */; };
		5DF0D0B32C8AC89C007A25EB /* ImageVM.swift in Sources */ = {isa = PBXBuildFile; fileRef = 5DF0D0B22C8AC89C007A25EB /* ImageVM.swift */; };
/* End PBXBuildFile section */

/* Begin PBXContainerItemProxy section */
		5DF0D0682C89ADC1007A25EB /* PBXContainerItemProxy */ = {
			isa = PBXContainerItemProxy;
			containerPortal = 5DF0D04F2C89ADC0007A25EB /* Project object */;
			proxyType = 1;
			remoteGlobalIDString = 5DF0D0562C89ADC0007A25EB;
			remoteInfo = "Mis Mangas";
		};
		5DF0D0722C89ADC1007A25EB /* PBXContainerItemProxy */ = {
			isa = PBXContainerItemProxy;
			containerPortal = 5DF0D04F2C89ADC0007A25EB /* Project object */;
			proxyType = 1;
			remoteGlobalIDString = 5DF0D0562C89ADC0007A25EB;
			remoteInfo = "Mis Mangas";
		};
/* End PBXContainerItemProxy section */

/* Begin PBXFileReference section */
		5D016FC22C900EED0077D9C2 /* MangasListView.swift */ = {isa = PBXFileReference; lastKnownFileType = sourcecode.swift; path = MangasListView.swift; sourceTree = "<group>"; };
		5D06CA2B2C90917300BFA696 /* MangaSearchView.swift */ = {isa = PBXFileReference; lastKnownFileType = sourcecode.swift; path = MangaSearchView.swift; sourceTree = "<group>"; };
		5D06CA2D2C90BE7600BFA696 /* mangas_search.json */ = {isa = PBXFileReference; fileEncoding = 4; lastKnownFileType = text.json; path = mangas_search.json; sourceTree = "<group>"; };
		5D67B1E12C8AEC920088910E /* MangaCellView.swift */ = {isa = PBXFileReference; lastKnownFileType = sourcecode.swift; path = MangaCellView.swift; sourceTree = "<group>"; };
		5D67B1E32C8AF43D0088910E /* String.swift */ = {isa = PBXFileReference; lastKnownFileType = sourcecode.swift; path = String.swift; sourceTree = "<group>"; };
		5D67B1E52C8F13650088910E /* MangaDetailView.swift */ = {isa = PBXFileReference; lastKnownFileType = sourcecode.swift; path = MangaDetailView.swift; sourceTree = "<group>"; };
		5D67BC222C98A5CD001E078C /* SearchHelper.swift */ = {isa = PBXFileReference; lastKnownFileType = sourcecode.swift; path = SearchHelper.swift; sourceTree = "<group>"; };
		5DA4A91C2C9200A00078B9FB /* SearchTokenEnum.swift */ = {isa = PBXFileReference; lastKnownFileType = sourcecode.swift; path = SearchTokenEnum.swift; sourceTree = "<group>"; };
		5DB544972C9D3AF80016B3E7 /* mangas.json */ = {isa = PBXFileReference; fileEncoding = 4; lastKnownFileType = text.json; path = mangas.json; sourceTree = "<group>"; };
		5DF0D0572C89ADC0007A25EB /* Mis Mangas.app */ = {isa = PBXFileReference; explicitFileType = wrapper.application; includeInIndex = 0; path = "Mis Mangas.app"; sourceTree = BUILT_PRODUCTS_DIR; };
		5DF0D05A2C89ADC0007A25EB /* Mis_MangasApp.swift */ = {isa = PBXFileReference; lastKnownFileType = sourcecode.swift; path = Mis_MangasApp.swift; sourceTree = "<group>"; };
		5DF0D05C2C89ADC0007A25EB /* ContentView.swift */ = {isa = PBXFileReference; lastKnownFileType = sourcecode.swift; path = ContentView.swift; sourceTree = "<group>"; };
		5DF0D05E2C89ADC1007A25EB /* Assets.xcassets */ = {isa = PBXFileReference; lastKnownFileType = folder.assetcatalog; path = Assets.xcassets; sourceTree = "<group>"; };
		5DF0D0612C89ADC1007A25EB /* Preview Assets.xcassets */ = {isa = PBXFileReference; lastKnownFileType = folder.assetcatalog; path = "Preview Assets.xcassets"; sourceTree = "<group>"; };
		5DF0D0672C89ADC1007A25EB /* Mis MangasTests.xctest */ = {isa = PBXFileReference; explicitFileType = wrapper.cfbundle; includeInIndex = 0; path = "Mis MangasTests.xctest"; sourceTree = BUILT_PRODUCTS_DIR; };
		5DF0D06B2C89ADC1007A25EB /* Mis_MangasTests.swift */ = {isa = PBXFileReference; lastKnownFileType = sourcecode.swift; path = Mis_MangasTests.swift; sourceTree = "<group>"; };
		5DF0D0712C89ADC1007A25EB /* Mis MangasUITests.xctest */ = {isa = PBXFileReference; explicitFileType = wrapper.cfbundle; includeInIndex = 0; path = "Mis MangasUITests.xctest"; sourceTree = BUILT_PRODUCTS_DIR; };
		5DF0D0752C89ADC1007A25EB /* Mis_MangasUITests.swift */ = {isa = PBXFileReference; lastKnownFileType = sourcecode.swift; path = Mis_MangasUITests.swift; sourceTree = "<group>"; };
		5DF0D0772C89ADC1007A25EB /* Mis_MangasUITestsLaunchTests.swift */ = {isa = PBXFileReference; lastKnownFileType = sourcecode.swift; path = Mis_MangasUITestsLaunchTests.swift; sourceTree = "<group>"; };
		5DF0D0852C89B74B007A25EB /* Manga.swift */ = {isa = PBXFileReference; lastKnownFileType = sourcecode.swift; path = Manga.swift; sourceTree = "<group>"; };
		5DF0D0872C89BF7A007A25EB /* Theme.swift */ = {isa = PBXFileReference; lastKnownFileType = sourcecode.swift; path = Theme.swift; sourceTree = "<group>"; };
		5DF0D0892C89BF8E007A25EB /* Genre.swift */ = {isa = PBXFileReference; lastKnownFileType = sourcecode.swift; path = Genre.swift; sourceTree = "<group>"; };
		5DF0D08B2C89BF9D007A25EB /* Demographic.swift */ = {isa = PBXFileReference; lastKnownFileType = sourcecode.swift; path = Demographic.swift; sourceTree = "<group>"; };
		5DF0D08D2C89BFB6007A25EB /* Author.swift */ = {isa = PBXFileReference; lastKnownFileType = sourcecode.swift; path = Author.swift; sourceTree = "<group>"; };
		5DF0D0932C89C48B007A25EB /* PaginatedResponse.swift */ = {isa = PBXFileReference; lastKnownFileType = sourcecode.swift; path = PaginatedResponse.swift; sourceTree = "<group>"; };
		5DF0D0952C89C4AE007A25EB /* Metadata.swift */ = {isa = PBXFileReference; lastKnownFileType = sourcecode.swift; path = Metadata.swift; sourceTree = "<group>"; };
		5DF0D09B2C8A1296007A25EB /* mangas.json */ = {isa = PBXFileReference; fileEncoding = 4; lastKnownFileType = text.json; path = mangas.json; sourceTree = "<group>"; };
		5DF0D09D2C8A12CC007A25EB /* DataTest.swift */ = {isa = PBXFileReference; lastKnownFileType = sourcecode.swift; path = DataTest.swift; sourceTree = "<group>"; };
		5DF0D09F2C8A1471007A25EB /* Network.swift */ = {isa = PBXFileReference; fileEncoding = 4; lastKnownFileType = sourcecode.swift; path = Network.swift; sourceTree = "<group>"; };
		5DF0D0A02C8A1471007A25EB /* NoConnectionView.swift */ = {isa = PBXFileReference; fileEncoding = 4; lastKnownFileType = sourcecode.swift; path = NoConnectionView.swift; sourceTree = "<group>"; };
		5DF0D0A12C8A1471007A25EB /* NetworkError.swift */ = {isa = PBXFileReference; fileEncoding = 4; lastKnownFileType = sourcecode.swift; path = NetworkError.swift; sourceTree = "<group>"; };
		5DF0D0A22C8A1471007A25EB /* NetworkStatus.swift */ = {isa = PBXFileReference; fileEncoding = 4; lastKnownFileType = sourcecode.swift; path = NetworkStatus.swift; sourceTree = "<group>"; };
		5DF0D0A72C8A152E007A25EB /* URLRequest.swift */ = {isa = PBXFileReference; fileEncoding = 4; lastKnownFileType = sourcecode.swift; path = URLRequest.swift; sourceTree = "<group>"; };
		5DF0D0A82C8A152E007A25EB /* URL.swift */ = {isa = PBXFileReference; fileEncoding = 4; lastKnownFileType = sourcecode.swift; path = URL.swift; sourceTree = "<group>"; };
		5DF0D0A92C8A152E007A25EB /* URLSession.swift */ = {isa = PBXFileReference; fileEncoding = 4; lastKnownFileType = sourcecode.swift; path = URLSession.swift; sourceTree = "<group>"; };
		5DF0D0AE2C8A20A3007A25EB /* MangasViewModel.swift */ = {isa = PBXFileReference; lastKnownFileType = sourcecode.swift; path = MangasViewModel.swift; sourceTree = "<group>"; };
		5DF0D0B02C8AC735007A25EB /* ImageInteractor.swift */ = {isa = PBXFileReference; lastKnownFileType = sourcecode.swift; path = ImageInteractor.swift; sourceTree = "<group>"; };
		5DF0D0B22C8AC89C007A25EB /* ImageVM.swift */ = {isa = PBXFileReference; lastKnownFileType = sourcecode.swift; path = ImageVM.swift; sourceTree = "<group>"; };
/* End PBXFileReference section */

/* Begin PBXFrameworksBuildPhase section */
		5DF0D0542C89ADC0007A25EB /* Frameworks */ = {
			isa = PBXFrameworksBuildPhase;
			buildActionMask = 2147483647;
			files = (
			);
			runOnlyForDeploymentPostprocessing = 0;
		};
		5DF0D0642C89ADC1007A25EB /* Frameworks */ = {
			isa = PBXFrameworksBuildPhase;
			buildActionMask = 2147483647;
			files = (
			);
			runOnlyForDeploymentPostprocessing = 0;
		};
		5DF0D06E2C89ADC1007A25EB /* Frameworks */ = {
			isa = PBXFrameworksBuildPhase;
			buildActionMask = 2147483647;
			files = (
			);
			runOnlyForDeploymentPostprocessing = 0;
		};
/* End PBXFrameworksBuildPhase section */

/* Begin PBXGroup section */
		5D67B1E02C8AEC840088910E /* Views */ = {
			isa = PBXGroup;
			children = (
				5D67B1E12C8AEC920088910E /* MangaCellView.swift */,
				5D67B1E52C8F13650088910E /* MangaDetailView.swift */,
				5D016FC22C900EED0077D9C2 /* MangasListView.swift */,
				5D06CA2B2C90917300BFA696 /* MangaSearchView.swift */,
			);
			name = Views;
			sourceTree = "<group>";
		};
		5DF0D04E2C89ADC0007A25EB = {
			isa = PBXGroup;
			children = (
				5DF0D0592C89ADC0007A25EB /* Mis Mangas */,
				5DF0D06A2C89ADC1007A25EB /* Mis MangasTests */,
				5DF0D0742C89ADC1007A25EB /* Mis MangasUITests */,
				5DF0D0582C89ADC0007A25EB /* Products */,
			);
			sourceTree = "<group>";
		};
		5DF0D0582C89ADC0007A25EB /* Products */ = {
			isa = PBXGroup;
			children = (
				5DF0D0572C89ADC0007A25EB /* Mis Mangas.app */,
				5DF0D0672C89ADC1007A25EB /* Mis MangasTests.xctest */,
				5DF0D0712C89ADC1007A25EB /* Mis MangasUITests.xctest */,
			);
			name = Products;
			sourceTree = "<group>";
		};
		5DF0D0592C89ADC0007A25EB /* Mis Mangas */ = {
			isa = PBXGroup;
			children = (
				5D67B1E02C8AEC840088910E /* Views */,
				5DF0D0AD2C8A2088007A25EB /* Viewmodels */,
				5DF0D0902C89C337007A25EB /* Services */,
				5DF0D08F2C89C2F1007A25EB /* Extensions */,
				5DF0D0842C89B737007A25EB /* Models */,
				5DF0D05A2C89ADC0007A25EB /* Mis_MangasApp.swift */,
				5DF0D05C2C89ADC0007A25EB /* ContentView.swift */,
				5DF0D05E2C89ADC1007A25EB /* Assets.xcassets */,
				5DF0D0602C89ADC1007A25EB /* Preview Content */,
			);
			path = "Mis Mangas";
			sourceTree = "<group>";
		};
		5DF0D0602C89ADC1007A25EB /* Preview Content */ = {
			isa = PBXGroup;
			children = (
				5DB544972C9D3AF80016B3E7 /* mangas.json */,
				5D06CA2D2C90BE7600BFA696 /* mangas_search.json */,
				5DF0D09B2C8A1296007A25EB /* mangas.json */,
				5DF0D0612C89ADC1007A25EB /* Preview Assets.xcassets */,
				5DF0D09D2C8A12CC007A25EB /* DataTest.swift */,
			);
			path = "Preview Content";
			sourceTree = "<group>";
		};
		5DF0D06A2C89ADC1007A25EB /* Mis MangasTests */ = {
			isa = PBXGroup;
			children = (
				5DF0D06B2C89ADC1007A25EB /* Mis_MangasTests.swift */,
			);
			path = "Mis MangasTests";
			sourceTree = "<group>";
		};
		5DF0D0742C89ADC1007A25EB /* Mis MangasUITests */ = {
			isa = PBXGroup;
			children = (
				5DF0D0752C89ADC1007A25EB /* Mis_MangasUITests.swift */,
				5DF0D0772C89ADC1007A25EB /* Mis_MangasUITestsLaunchTests.swift */,
			);
			path = "Mis MangasUITests";
			sourceTree = "<group>";
		};
		5DF0D0842C89B737007A25EB /* Models */ = {
			isa = PBXGroup;
			children = (
				5DF0D0852C89B74B007A25EB /* Manga.swift */,
				5DF0D08D2C89BFB6007A25EB /* Author.swift */,
				5DF0D0872C89BF7A007A25EB /* Theme.swift */,
				5DF0D0892C89BF8E007A25EB /* Genre.swift */,
				5DF0D08B2C89BF9D007A25EB /* Demographic.swift */,
				5DF0D0932C89C48B007A25EB /* PaginatedResponse.swift */,
				5DF0D0952C89C4AE007A25EB /* Metadata.swift */,
				5DA4A91C2C9200A00078B9FB /* SearchTokenEnum.swift */,
			);
			name = Models;
			sourceTree = "<group>";
		};
		5DF0D08F2C89C2F1007A25EB /* Extensions */ = {
			isa = PBXGroup;
			children = (
				5DF0D0A82C8A152E007A25EB /* URL.swift */,
				5DF0D0A72C8A152E007A25EB /* URLRequest.swift */,
				5DF0D0A92C8A152E007A25EB /* URLSession.swift */,
				5D67B1E32C8AF43D0088910E /* String.swift */,
			);
			name = Extensions;
			sourceTree = "<group>";
		};
		5DF0D0902C89C337007A25EB /* Services */ = {
			isa = PBXGroup;
			children = (
				5DF0D09F2C8A1471007A25EB /* Network.swift */,
				5DF0D0A12C8A1471007A25EB /* NetworkError.swift */,
				5DF0D0A22C8A1471007A25EB /* NetworkStatus.swift */,
				5DF0D0A02C8A1471007A25EB /* NoConnectionView.swift */,
				5DF0D0B02C8AC735007A25EB /* ImageInteractor.swift */,
				5D67BC222C98A5CD001E078C /* SearchHelper.swift */,
			);
			name = Services;
			sourceTree = "<group>";
		};
		5DF0D0AD2C8A2088007A25EB /* Viewmodels */ = {
			isa = PBXGroup;
			children = (
				5DF0D0AE2C8A20A3007A25EB /* MangasViewModel.swift */,
				5DF0D0B22C8AC89C007A25EB /* ImageVM.swift */,
			);
			name = Viewmodels;
			sourceTree = "<group>";
		};
/* End PBXGroup section */

/* Begin PBXNativeTarget section */
		5DF0D0562C89ADC0007A25EB /* Mis Mangas */ = {
			isa = PBXNativeTarget;
			buildConfigurationList = 5DF0D07B2C89ADC1007A25EB /* Build configuration list for PBXNativeTarget "Mis Mangas" */;
			buildPhases = (
				5DF0D0532C89ADC0007A25EB /* Sources */,
				5DF0D0542C89ADC0007A25EB /* Frameworks */,
				5DF0D0552C89ADC0007A25EB /* Resources */,
			);
			buildRules = (
			);
			dependencies = (
			);
			name = "Mis Mangas";
			productName = "Mis Mangas";
			productReference = 5DF0D0572C89ADC0007A25EB /* Mis Mangas.app */;
			productType = "com.apple.product-type.application";
		};
		5DF0D0662C89ADC1007A25EB /* Mis MangasTests */ = {
			isa = PBXNativeTarget;
			buildConfigurationList = 5DF0D07E2C89ADC1007A25EB /* Build configuration list for PBXNativeTarget "Mis MangasTests" */;
			buildPhases = (
				5DF0D0632C89ADC1007A25EB /* Sources */,
				5DF0D0642C89ADC1007A25EB /* Frameworks */,
				5DF0D0652C89ADC1007A25EB /* Resources */,
			);
			buildRules = (
			);
			dependencies = (
				5DF0D0692C89ADC1007A25EB /* PBXTargetDependency */,
			);
			name = "Mis MangasTests";
			productName = "Mis MangasTests";
			productReference = 5DF0D0672C89ADC1007A25EB /* Mis MangasTests.xctest */;
			productType = "com.apple.product-type.bundle.unit-test";
		};
		5DF0D0702C89ADC1007A25EB /* Mis MangasUITests */ = {
			isa = PBXNativeTarget;
			buildConfigurationList = 5DF0D0812C89ADC1007A25EB /* Build configuration list for PBXNativeTarget "Mis MangasUITests" */;
			buildPhases = (
				5DF0D06D2C89ADC1007A25EB /* Sources */,
				5DF0D06E2C89ADC1007A25EB /* Frameworks */,
				5DF0D06F2C89ADC1007A25EB /* Resources */,
			);
			buildRules = (
			);
			dependencies = (
				5DF0D0732C89ADC1007A25EB /* PBXTargetDependency */,
			);
			name = "Mis MangasUITests";
			productName = "Mis MangasUITests";
			productReference = 5DF0D0712C89ADC1007A25EB /* Mis MangasUITests.xctest */;
			productType = "com.apple.product-type.bundle.ui-testing";
		};
/* End PBXNativeTarget section */

/* Begin PBXProject section */
		5DF0D04F2C89ADC0007A25EB /* Project object */ = {
			isa = PBXProject;
			attributes = {
				BuildIndependentTargetsInParallel = 1;
				LastSwiftUpdateCheck = 1540;
				LastUpgradeCheck = 1540;
				TargetAttributes = {
					5DF0D0562C89ADC0007A25EB = {
						CreatedOnToolsVersion = 15.4;
					};
					5DF0D0662C89ADC1007A25EB = {
						CreatedOnToolsVersion = 15.4;
						TestTargetID = 5DF0D0562C89ADC0007A25EB;
					};
					5DF0D0702C89ADC1007A25EB = {
						CreatedOnToolsVersion = 15.4;
						TestTargetID = 5DF0D0562C89ADC0007A25EB;
					};
				};
			};
			buildConfigurationList = 5DF0D0522C89ADC0007A25EB /* Build configuration list for PBXProject "Mis Mangas" */;
			compatibilityVersion = "Xcode 14.0";
			developmentRegion = en;
			hasScannedForEncodings = 0;
			knownRegions = (
				en,
				Base,
			);
			mainGroup = 5DF0D04E2C89ADC0007A25EB;
			productRefGroup = 5DF0D0582C89ADC0007A25EB /* Products */;
			projectDirPath = "";
			projectRoot = "";
			targets = (
				5DF0D0562C89ADC0007A25EB /* Mis Mangas */,
				5DF0D0662C89ADC1007A25EB /* Mis MangasTests */,
				5DF0D0702C89ADC1007A25EB /* Mis MangasUITests */,
			);
		};
/* End PBXProject section */

/* Begin PBXResourcesBuildPhase section */
		5DF0D0552C89ADC0007A25EB /* Resources */ = {
			isa = PBXResourcesBuildPhase;
			buildActionMask = 2147483647;
			files = (
				5DB544982C9D3AF80016B3E7 /* mangas.json in Resources */,
				5DF0D0622C89ADC1007A25EB /* Preview Assets.xcassets in Resources */,
				5DF0D09C2C8A1296007A25EB /* mangas.json in Resources */,
				5D06CA2E2C90BE7600BFA696 /* mangas_search.json in Resources */,
				5DF0D05F2C89ADC1007A25EB /* Assets.xcassets in Resources */,
			);
			runOnlyForDeploymentPostprocessing = 0;
		};
		5DF0D0652C89ADC1007A25EB /* Resources */ = {
			isa = PBXResourcesBuildPhase;
			buildActionMask = 2147483647;
			files = (
			);
			runOnlyForDeploymentPostprocessing = 0;
		};
		5DF0D06F2C89ADC1007A25EB /* Resources */ = {
			isa = PBXResourcesBuildPhase;
			buildActionMask = 2147483647;
			files = (
			);
			runOnlyForDeploymentPostprocessing = 0;
		};
/* End PBXResourcesBuildPhase section */

/* Begin PBXSourcesBuildPhase section */
		5DF0D0532C89ADC0007A25EB /* Sources */ = {
			isa = PBXSourcesBuildPhase;
			buildActionMask = 2147483647;
			files = (
				5DF0D0862C89B74B007A25EB /* Manga.swift in Sources */,
				5DF0D0A52C8A1471007A25EB /* NetworkError.swift in Sources */,
				5DF0D0B32C8AC89C007A25EB /* ImageVM.swift in Sources */,
				5DF0D08C2C89BF9D007A25EB /* Demographic.swift in Sources */,
				5DF0D0AF2C8A20A3007A25EB /* MangasViewModel.swift in Sources */,
				5DF0D0AC2C8A152E007A25EB /* URLSession.swift in Sources */,
				5D67B1E42C8AF43D0088910E /* String.swift in Sources */,
				5DF0D0A62C8A1471007A25EB /* NetworkStatus.swift in Sources */,
				5DF0D0A42C8A1471007A25EB /* NoConnectionView.swift in Sources */,
				5DF0D0962C89C4AE007A25EB /* Metadata.swift in Sources */,
				5D67B1E62C8F13650088910E /* MangaDetailView.swift in Sources */,
				5DF0D0942C89C48B007A25EB /* PaginatedResponse.swift in Sources */,
				5DF0D0AB2C8A152E007A25EB /* URL.swift in Sources */,
				5DF0D0882C89BF7A007A25EB /* Theme.swift in Sources */,
				5DF0D0B12C8AC735007A25EB /* ImageInteractor.swift in Sources */,
				5D67B1E22C8AEC920088910E /* MangaCellView.swift in Sources */,
				5DF0D09E2C8A12CC007A25EB /* DataTest.swift in Sources */,
				5DF0D0AA2C8A152E007A25EB /* URLRequest.swift in Sources */,
				5D67BC232C98A5CD001E078C /* SearchHelper.swift in Sources */,
				5DF0D05D2C89ADC0007A25EB /* ContentView.swift in Sources */,
				5DF0D05B2C89ADC0007A25EB /* Mis_MangasApp.swift in Sources */,
				5DF0D08E2C89BFB6007A25EB /* Author.swift in Sources */,
				5D016FC32C900EED0077D9C2 /* MangasListView.swift in Sources */,
				5D06CA2C2C90917300BFA696 /* MangaSearchView.swift in Sources */,
				5DF0D0A32C8A1471007A25EB /* Network.swift in Sources */,
				5DA4A91D2C9200A00078B9FB /* SearchTokenEnum.swift in Sources */,
				5DF0D08A2C89BF8E007A25EB /* Genre.swift in Sources */,
			);
			runOnlyForDeploymentPostprocessing = 0;
		};
		5DF0D0632C89ADC1007A25EB /* Sources */ = {
			isa = PBXSourcesBuildPhase;
			buildActionMask = 2147483647;
			files = (
				5DF0D06C2C89ADC1007A25EB /* Mis_MangasTests.swift in Sources */,
			);
			runOnlyForDeploymentPostprocessing = 0;
		};
		5DF0D06D2C89ADC1007A25EB /* Sources */ = {
			isa = PBXSourcesBuildPhase;
			buildActionMask = 2147483647;
			files = (
				5DF0D0762C89ADC1007A25EB /* Mis_MangasUITests.swift in Sources */,
				5DF0D0782C89ADC1007A25EB /* Mis_MangasUITestsLaunchTests.swift in Sources */,
			);
			runOnlyForDeploymentPostprocessing = 0;
		};
/* End PBXSourcesBuildPhase section */

/* Begin PBXTargetDependency section */
		5DF0D0692C89ADC1007A25EB /* PBXTargetDependency */ = {
			isa = PBXTargetDependency;
			target = 5DF0D0562C89ADC0007A25EB /* Mis Mangas */;
			targetProxy = 5DF0D0682C89ADC1007A25EB /* PBXContainerItemProxy */;
		};
		5DF0D0732C89ADC1007A25EB /* PBXTargetDependency */ = {
			isa = PBXTargetDependency;
			target = 5DF0D0562C89ADC0007A25EB /* Mis Mangas */;
			targetProxy = 5DF0D0722C89ADC1007A25EB /* PBXContainerItemProxy */;
		};
/* End PBXTargetDependency section */

/* Begin XCBuildConfiguration section */
		5DF0D0792C89ADC1007A25EB /* Debug */ = {
			isa = XCBuildConfiguration;
			buildSettings = {
				ALWAYS_SEARCH_USER_PATHS = NO;
				ASSETCATALOG_COMPILER_GENERATE_SWIFT_ASSET_SYMBOL_EXTENSIONS = YES;
				CLANG_ANALYZER_NONNULL = YES;
				CLANG_ANALYZER_NUMBER_OBJECT_CONVERSION = YES_AGGRESSIVE;
				CLANG_CXX_LANGUAGE_STANDARD = "gnu++20";
				CLANG_ENABLE_MODULES = YES;
				CLANG_ENABLE_OBJC_ARC = YES;
				CLANG_ENABLE_OBJC_WEAK = YES;
				CLANG_WARN_BLOCK_CAPTURE_AUTORELEASING = YES;
				CLANG_WARN_BOOL_CONVERSION = YES;
				CLANG_WARN_COMMA = YES;
				CLANG_WARN_CONSTANT_CONVERSION = YES;
				CLANG_WARN_DEPRECATED_OBJC_IMPLEMENTATIONS = YES;
				CLANG_WARN_DIRECT_OBJC_ISA_USAGE = YES_ERROR;
				CLANG_WARN_DOCUMENTATION_COMMENTS = YES;
				CLANG_WARN_EMPTY_BODY = YES;
				CLANG_WARN_ENUM_CONVERSION = YES;
				CLANG_WARN_INFINITE_RECURSION = YES;
				CLANG_WARN_INT_CONVERSION = YES;
				CLANG_WARN_NON_LITERAL_NULL_CONVERSION = YES;
				CLANG_WARN_OBJC_IMPLICIT_RETAIN_SELF = YES;
				CLANG_WARN_OBJC_LITERAL_CONVERSION = YES;
				CLANG_WARN_OBJC_ROOT_CLASS = YES_ERROR;
				CLANG_WARN_QUOTED_INCLUDE_IN_FRAMEWORK_HEADER = YES;
				CLANG_WARN_RANGE_LOOP_ANALYSIS = YES;
				CLANG_WARN_STRICT_PROTOTYPES = YES;
				CLANG_WARN_SUSPICIOUS_MOVE = YES;
				CLANG_WARN_UNGUARDED_AVAILABILITY = YES_AGGRESSIVE;
				CLANG_WARN_UNREACHABLE_CODE = YES;
				CLANG_WARN__DUPLICATE_METHOD_MATCH = YES;
				COPY_PHASE_STRIP = NO;
				DEBUG_INFORMATION_FORMAT = dwarf;
				ENABLE_STRICT_OBJC_MSGSEND = YES;
				ENABLE_TESTABILITY = YES;
				ENABLE_USER_SCRIPT_SANDBOXING = YES;
				GCC_C_LANGUAGE_STANDARD = gnu17;
				GCC_DYNAMIC_NO_PIC = NO;
				GCC_NO_COMMON_BLOCKS = YES;
				GCC_OPTIMIZATION_LEVEL = 0;
				GCC_PREPROCESSOR_DEFINITIONS = (
					"DEBUG=1",
					"$(inherited)",
				);
				GCC_WARN_64_TO_32_BIT_CONVERSION = YES;
				GCC_WARN_ABOUT_RETURN_TYPE = YES_ERROR;
				GCC_WARN_UNDECLARED_SELECTOR = YES;
				GCC_WARN_UNINITIALIZED_AUTOS = YES_AGGRESSIVE;
				GCC_WARN_UNUSED_FUNCTION = YES;
				GCC_WARN_UNUSED_VARIABLE = YES;
				IPHONEOS_DEPLOYMENT_TARGET = 17.5;
				LOCALIZATION_PREFERS_STRING_CATALOGS = YES;
				MTL_ENABLE_DEBUG_INFO = INCLUDE_SOURCE;
				MTL_FAST_MATH = YES;
				ONLY_ACTIVE_ARCH = YES;
				SDKROOT = iphoneos;
				SWIFT_ACTIVE_COMPILATION_CONDITIONS = "DEBUG $(inherited)";
				SWIFT_OPTIMIZATION_LEVEL = "-Onone";
			};
			name = Debug;
		};
		5DF0D07A2C89ADC1007A25EB /* Release */ = {
			isa = XCBuildConfiguration;
			buildSettings = {
				ALWAYS_SEARCH_USER_PATHS = NO;
				ASSETCATALOG_COMPILER_GENERATE_SWIFT_ASSET_SYMBOL_EXTENSIONS = YES;
				CLANG_ANALYZER_NONNULL = YES;
				CLANG_ANALYZER_NUMBER_OBJECT_CONVERSION = YES_AGGRESSIVE;
				CLANG_CXX_LANGUAGE_STANDARD = "gnu++20";
				CLANG_ENABLE_MODULES = YES;
				CLANG_ENABLE_OBJC_ARC = YES;
				CLANG_ENABLE_OBJC_WEAK = YES;
				CLANG_WARN_BLOCK_CAPTURE_AUTORELEASING = YES;
				CLANG_WARN_BOOL_CONVERSION = YES;
				CLANG_WARN_COMMA = YES;
				CLANG_WARN_CONSTANT_CONVERSION = YES;
				CLANG_WARN_DEPRECATED_OBJC_IMPLEMENTATIONS = YES;
				CLANG_WARN_DIRECT_OBJC_ISA_USAGE = YES_ERROR;
				CLANG_WARN_DOCUMENTATION_COMMENTS = YES;
				CLANG_WARN_EMPTY_BODY = YES;
				CLANG_WARN_ENUM_CONVERSION = YES;
				CLANG_WARN_INFINITE_RECURSION = YES;
				CLANG_WARN_INT_CONVERSION = YES;
				CLANG_WARN_NON_LITERAL_NULL_CONVERSION = YES;
				CLANG_WARN_OBJC_IMPLICIT_RETAIN_SELF = YES;
				CLANG_WARN_OBJC_LITERAL_CONVERSION = YES;
				CLANG_WARN_OBJC_ROOT_CLASS = YES_ERROR;
				CLANG_WARN_QUOTED_INCLUDE_IN_FRAMEWORK_HEADER = YES;
				CLANG_WARN_RANGE_LOOP_ANALYSIS = YES;
				CLANG_WARN_STRICT_PROTOTYPES = YES;
				CLANG_WARN_SUSPICIOUS_MOVE = YES;
				CLANG_WARN_UNGUARDED_AVAILABILITY = YES_AGGRESSIVE;
				CLANG_WARN_UNREACHABLE_CODE = YES;
				CLANG_WARN__DUPLICATE_METHOD_MATCH = YES;
				COPY_PHASE_STRIP = NO;
				DEBUG_INFORMATION_FORMAT = "dwarf-with-dsym";
				ENABLE_NS_ASSERTIONS = NO;
				ENABLE_STRICT_OBJC_MSGSEND = YES;
				ENABLE_USER_SCRIPT_SANDBOXING = YES;
				GCC_C_LANGUAGE_STANDARD = gnu17;
				GCC_NO_COMMON_BLOCKS = YES;
				GCC_WARN_64_TO_32_BIT_CONVERSION = YES;
				GCC_WARN_ABOUT_RETURN_TYPE = YES_ERROR;
				GCC_WARN_UNDECLARED_SELECTOR = YES;
				GCC_WARN_UNINITIALIZED_AUTOS = YES_AGGRESSIVE;
				GCC_WARN_UNUSED_FUNCTION = YES;
				GCC_WARN_UNUSED_VARIABLE = YES;
				IPHONEOS_DEPLOYMENT_TARGET = 17.5;
				LOCALIZATION_PREFERS_STRING_CATALOGS = YES;
				MTL_ENABLE_DEBUG_INFO = NO;
				MTL_FAST_MATH = YES;
				SDKROOT = iphoneos;
				SWIFT_COMPILATION_MODE = wholemodule;
				VALIDATE_PRODUCT = YES;
			};
			name = Release;
		};
		5DF0D07C2C89ADC1007A25EB /* Debug */ = {
			isa = XCBuildConfiguration;
			buildSettings = {
				ASSETCATALOG_COMPILER_APPICON_NAME = AppIcon;
				ASSETCATALOG_COMPILER_GLOBAL_ACCENT_COLOR_NAME = AccentColor;
				CODE_SIGN_STYLE = Automatic;
				CURRENT_PROJECT_VERSION = 1;
				DEVELOPMENT_ASSET_PATHS = "\"Mis Mangas/Preview Content\"";
				DEVELOPMENT_TEAM = 625BW7ZNLR;
				ENABLE_PREVIEWS = YES;
				GENERATE_INFOPLIST_FILE = YES;
				INFOPLIST_KEY_UIApplicationSceneManifest_Generation = YES;
				INFOPLIST_KEY_UIApplicationSupportsIndirectInputEvents = YES;
				INFOPLIST_KEY_UILaunchScreen_Generation = YES;
				INFOPLIST_KEY_UISupportedInterfaceOrientations_iPad = "UIInterfaceOrientationPortrait UIInterfaceOrientationPortraitUpsideDown UIInterfaceOrientationLandscapeLeft UIInterfaceOrientationLandscapeRight";
				INFOPLIST_KEY_UISupportedInterfaceOrientations_iPhone = "UIInterfaceOrientationPortrait UIInterfaceOrientationLandscapeLeft UIInterfaceOrientationLandscapeRight";
				LD_RUNPATH_SEARCH_PATHS = (
					"$(inherited)",
					"@executable_path/Frameworks",
				);
				MARKETING_VERSION = 1.0;
				PRODUCT_BUNDLE_IDENTIFIER = "mismangas.socas.dev.Mis-Mangas";
				PRODUCT_NAME = "$(TARGET_NAME)";
				SWIFT_EMIT_LOC_STRINGS = YES;
				SWIFT_VERSION = 5.0;
				TARGETED_DEVICE_FAMILY = "1,2";
			};
			name = Debug;
		};
		5DF0D07D2C89ADC1007A25EB /* Release */ = {
			isa = XCBuildConfiguration;
			buildSettings = {
				ASSETCATALOG_COMPILER_APPICON_NAME = AppIcon;
				ASSETCATALOG_COMPILER_GLOBAL_ACCENT_COLOR_NAME = AccentColor;
				CODE_SIGN_STYLE = Automatic;
				CURRENT_PROJECT_VERSION = 1;
				DEVELOPMENT_ASSET_PATHS = "\"Mis Mangas/Preview Content\"";
				DEVELOPMENT_TEAM = 625BW7ZNLR;
				ENABLE_PREVIEWS = YES;
				GENERATE_INFOPLIST_FILE = YES;
				INFOPLIST_KEY_UIApplicationSceneManifest_Generation = YES;
				INFOPLIST_KEY_UIApplicationSupportsIndirectInputEvents = YES;
				INFOPLIST_KEY_UILaunchScreen_Generation = YES;
				INFOPLIST_KEY_UISupportedInterfaceOrientations_iPad = "UIInterfaceOrientationPortrait UIInterfaceOrientationPortraitUpsideDown UIInterfaceOrientationLandscapeLeft UIInterfaceOrientationLandscapeRight";
				INFOPLIST_KEY_UISupportedInterfaceOrientations_iPhone = "UIInterfaceOrientationPortrait UIInterfaceOrientationLandscapeLeft UIInterfaceOrientationLandscapeRight";
				LD_RUNPATH_SEARCH_PATHS = (
					"$(inherited)",
					"@executable_path/Frameworks",
				);
				MARKETING_VERSION = 1.0;
				PRODUCT_BUNDLE_IDENTIFIER = "mismangas.socas.dev.Mis-Mangas";
				PRODUCT_NAME = "$(TARGET_NAME)";
				SWIFT_EMIT_LOC_STRINGS = YES;
				SWIFT_VERSION = 5.0;
				TARGETED_DEVICE_FAMILY = "1,2";
			};
			name = Release;
		};
		5DF0D07F2C89ADC1007A25EB /* Debug */ = {
			isa = XCBuildConfiguration;
			buildSettings = {
				ALWAYS_EMBED_SWIFT_STANDARD_LIBRARIES = YES;
				BUNDLE_LOADER = "$(TEST_HOST)";
				CODE_SIGN_STYLE = Automatic;
				CURRENT_PROJECT_VERSION = 1;
				DEVELOPMENT_TEAM = 625BW7ZNLR;
				GENERATE_INFOPLIST_FILE = YES;
				IPHONEOS_DEPLOYMENT_TARGET = 17.5;
				MARKETING_VERSION = 1.0;
				PRODUCT_BUNDLE_IDENTIFIER = "mismangas.socas.dev.Mis-MangasTests";
				PRODUCT_NAME = "$(TARGET_NAME)";
				SWIFT_EMIT_LOC_STRINGS = NO;
				SWIFT_VERSION = 5.0;
				TARGETED_DEVICE_FAMILY = "1,2";
				TEST_HOST = "$(BUILT_PRODUCTS_DIR)/Mis Mangas.app/$(BUNDLE_EXECUTABLE_FOLDER_PATH)/Mis Mangas";
			};
			name = Debug;
		};
		5DF0D0802C89ADC1007A25EB /* Release */ = {
			isa = XCBuildConfiguration;
			buildSettings = {
				ALWAYS_EMBED_SWIFT_STANDARD_LIBRARIES = YES;
				BUNDLE_LOADER = "$(TEST_HOST)";
				CODE_SIGN_STYLE = Automatic;
				CURRENT_PROJECT_VERSION = 1;
				DEVELOPMENT_TEAM = 625BW7ZNLR;
				GENERATE_INFOPLIST_FILE = YES;
				IPHONEOS_DEPLOYMENT_TARGET = 17.5;
				MARKETING_VERSION = 1.0;
				PRODUCT_BUNDLE_IDENTIFIER = "mismangas.socas.dev.Mis-MangasTests";
				PRODUCT_NAME = "$(TARGET_NAME)";
				SWIFT_EMIT_LOC_STRINGS = NO;
				SWIFT_VERSION = 5.0;
				TARGETED_DEVICE_FAMILY = "1,2";
				TEST_HOST = "$(BUILT_PRODUCTS_DIR)/Mis Mangas.app/$(BUNDLE_EXECUTABLE_FOLDER_PATH)/Mis Mangas";
			};
			name = Release;
		};
		5DF0D0822C89ADC1007A25EB /* Debug */ = {
			isa = XCBuildConfiguration;
			buildSettings = {
				ALWAYS_EMBED_SWIFT_STANDARD_LIBRARIES = YES;
				CODE_SIGN_STYLE = Automatic;
				CURRENT_PROJECT_VERSION = 1;
				DEVELOPMENT_TEAM = 625BW7ZNLR;
				GENERATE_INFOPLIST_FILE = YES;
				MARKETING_VERSION = 1.0;
				PRODUCT_BUNDLE_IDENTIFIER = "mismangas.socas.dev.Mis-MangasUITests";
				PRODUCT_NAME = "$(TARGET_NAME)";
				SWIFT_EMIT_LOC_STRINGS = NO;
				SWIFT_VERSION = 5.0;
				TARGETED_DEVICE_FAMILY = "1,2";
				TEST_TARGET_NAME = "Mis Mangas";
			};
			name = Debug;
		};
		5DF0D0832C89ADC1007A25EB /* Release */ = {
			isa = XCBuildConfiguration;
			buildSettings = {
				ALWAYS_EMBED_SWIFT_STANDARD_LIBRARIES = YES;
				CODE_SIGN_STYLE = Automatic;
				CURRENT_PROJECT_VERSION = 1;
				DEVELOPMENT_TEAM = 625BW7ZNLR;
				GENERATE_INFOPLIST_FILE = YES;
				MARKETING_VERSION = 1.0;
				PRODUCT_BUNDLE_IDENTIFIER = "mismangas.socas.dev.Mis-MangasUITests";
				PRODUCT_NAME = "$(TARGET_NAME)";
				SWIFT_EMIT_LOC_STRINGS = NO;
				SWIFT_VERSION = 5.0;
				TARGETED_DEVICE_FAMILY = "1,2";
				TEST_TARGET_NAME = "Mis Mangas";
			};
			name = Release;
		};
/* End XCBuildConfiguration section */

/* Begin XCConfigurationList section */
		5DF0D0522C89ADC0007A25EB /* Build configuration list for PBXProject "Mis Mangas" */ = {
			isa = XCConfigurationList;
			buildConfigurations = (
				5DF0D0792C89ADC1007A25EB /* Debug */,
				5DF0D07A2C89ADC1007A25EB /* Release */,
			);
			defaultConfigurationIsVisible = 0;
			defaultConfigurationName = Release;
		};
		5DF0D07B2C89ADC1007A25EB /* Build configuration list for PBXNativeTarget "Mis Mangas" */ = {
			isa = XCConfigurationList;
			buildConfigurations = (
				5DF0D07C2C89ADC1007A25EB /* Debug */,
				5DF0D07D2C89ADC1007A25EB /* Release */,
			);
			defaultConfigurationIsVisible = 0;
			defaultConfigurationName = Release;
		};
		5DF0D07E2C89ADC1007A25EB /* Build configuration list for PBXNativeTarget "Mis MangasTests" */ = {
			isa = XCConfigurationList;
			buildConfigurations = (
				5DF0D07F2C89ADC1007A25EB /* Debug */,
				5DF0D0802C89ADC1007A25EB /* Release */,
			);
			defaultConfigurationIsVisible = 0;
			defaultConfigurationName = Release;
		};
		5DF0D0812C89ADC1007A25EB /* Build configuration list for PBXNativeTarget "Mis MangasUITests" */ = {
			isa = XCConfigurationList;
			buildConfigurations = (
				5DF0D0822C89ADC1007A25EB /* Debug */,
				5DF0D0832C89ADC1007A25EB /* Release */,
			);
			defaultConfigurationIsVisible = 0;
			defaultConfigurationName = Release;
		};
/* End XCConfigurationList section */
	};
	rootObject = 5DF0D04F2C89ADC0007A25EB /* Project object */;
}
